
Microsoft Visual Studio Solution File, Format Version 12.00
# Visual Studio Version 17
VisualStudioVersion = 17.5.33530.505
MinimumVisualStudioVersion = 10.0.40219.1
Project("{FAE04EC0-301F-11D3-BF4B-00C04F79EFBC}") = "smartTechTask", "smartTechTask\smartTechTask.csproj", "{8C5FB829-26B3-46FF-B9A3-299274ECF144}"
EndProject
Project("{FAE04EC0-301F-11D3-BF4B-00C04F79EFBC}") = "DAL", "DAL\DAL.csproj", "{EE48324F-EC02-4E41-8BAC-35AB3153D820}"
EndProject
Project("{FAE04EC0-301F-11D3-BF4B-00C04F79EFBC}") = "BL", "BL\BL.csproj", "{D7DBBE19-2AEA-4D70-85CB-126050180DA9}"
EndProject
Global
	GlobalSection(SolutionConfigurationPlatforms) = preSolution
		Debug|Any CPU = Debug|Any CPU
		Release|Any CPU = Release|Any CPU
	EndGlobalSection
	GlobalSection(ProjectConfigurationPlatforms) = postSolution
		{8C5FB829-26B3-46FF-B9A3-299274ECF144}.Debug|Any CPU.ActiveCfg = Debug|Any CPU
		{8C5FB829-26B3-46FF-B9A3-299274ECF144}.Debug|Any CPU.Build.0 = Debug|Any CPU
		{8C5FB829-26B3-46FF-B9A3-299274ECF144}.Release|Any CPU.ActiveCfg = Release|Any CPU
		{8C5FB829-26B3-46FF-B9A3-299274ECF144}.Release|Any CPU.Build.0 = Release|Any CPU
		{EE48324F-EC02-4E41-8BAC-35AB3153D820}.Debug|Any CPU.ActiveCfg = Debug|Any CPU
		{EE48324F-EC02-4E41-8BAC-35AB3153D820}.Debug|Any CPU.Build.0 = Debug|Any CPU
		{EE48324F-EC02-4E41-8BAC-35AB3153D820}.Release|Any CPU.ActiveCfg = Release|Any CPU
		{EE48324F-EC02-4E41-8BAC-35AB3153D820}.Release|Any CPU.Build.0 = Release|Any CPU
		{D7DBBE19-2AEA-4D70-85CB-126050180DA9}.Debug|Any CPU.ActiveCfg = Debug|Any CPU
		{D7DBBE19-2AEA-4D70-85CB-126050180DA9}.Debug|Any CPU.Build.0 = Debug|Any CPU
		{D7DBBE19-2AEA-4D70-85CB-126050180DA9}.Release|Any CPU.ActiveCfg = Release|Any CPU
		{D7DBBE19-2AEA-4D70-85CB-126050180DA9}.Release|Any CPU.Build.0 = Release|Any CPU
	EndGlobalSection
	GlobalSection(SolutionProperties) = preSolution
		HideSolutionNode = FALSE
	EndGlobalSection
	GlobalSection(ExtensibilityGlobals) = postSolution
		SolutionGuid = {531C86AD-E530-4354-8F6E-4A46D0FA5E6D}
	EndGlobalSection
EndGlobal
